
Microsoft Visual Studio Solution File, Format Version 12.00
# Visual Studio 15
VisualStudioVersion = 15.0.27130.2020
MinimumVisualStudioVersion = 10.0.40219.1
Project("{FAE04EC0-301F-11D3-BF4B-00C04F79EFBC}") = "osu!downloader", "osu!downloader.csproj", "{B77E99A2-EB3E-4EF8-8963-BAFACEF54F64}"
EndProject
Global
	GlobalSection(SolutionConfigurationPlatforms) = preSolution
		Debug|Any CPU = Debug|Any CPU
		Release|Any CPU = Release|Any CPU
	EndGlobalSection
	GlobalSection(ProjectConfigurationPlatforms) = postSolution
		{B77E99A2-EB3E-4EF8-8963-BAFACEF54F64}.Debug|Any CPU.ActiveCfg = Debug|Any CPU
		{B77E99A2-EB3E-4EF8-8963-BAFACEF54F64}.Debug|Any CPU.Build.0 = Debug|Any CPU
		{B77E99A2-EB3E-4EF8-8963-BAFACEF54F64}.Release|Any CPU.ActiveCfg = Release|Any CPU
		{B77E99A2-EB3E-4EF8-8963-BAFACEF54F64}.Release|Any CPU.Build.0 = Release|Any CPU
	EndGlobalSection
	GlobalSection(SolutionProperties) = preSolution
		HideSolutionNode = FALSE
	EndGlobalSection
	GlobalSection(ExtensibilityGlobals) = postSolution
		SolutionGuid = {E51407CA-CF59-41E6-BB41-C10E3C19694B}
	EndGlobalSection
EndGlobal
